
Microsoft Visual Studio Solution File, Format Version 12.00
# Visual Studio Version 17
VisualStudioVersion = 17.12.35527.113
MinimumVisualStudioVersion = 10.0.40219.1
Project("{FAE04EC0-301F-11D3-BF4B-00C04F79EFBC}") = "Shos.ApplicationRegistry", "Shos.ApplicationRegistry\Shos.ApplicationRegistry.csproj", "{CA5674C7-016B-46C5-BB11-2A8DF654A677}"
EndProject
Project("{FAE04EC0-301F-11D3-BF4B-00C04F79EFBC}") = "Shos.ApplicationRegistryTests", "Shos.ApplicationRegistryTests\Shos.ApplicationRegistryTests.csproj", "{A8988545-9239-4D3D-938F-32BD99E88D1C}"
EndProject
Project("{FAE04EC0-301F-11D3-BF4B-00C04F79EFBC}") = "ReflectionSample", "ReflectionSample\ReflectionSample.csproj", "{3893175D-51C0-4CFC-96BB-B96F0CE6CA84}"
EndProject
Project("{2150E333-8FDC-42A3-9474-1A3956D46DE8}") = "Documents", "Documents", "{B69B1274-77D1-48CF-A104-5BDE3EAE3BAB}"
	ProjectSection(SolutionItems) = preProject
		LICENSE.txt = LICENSE.txt
		README.md = README.md
	EndProjectSection
EndProject
Global
	GlobalSection(SolutionConfigurationPlatforms) = preSolution
		Debug|Any CPU = Debug|Any CPU
		Release|Any CPU = Release|Any CPU
	EndGlobalSection
	GlobalSection(ProjectConfigurationPlatforms) = postSolution
		{CA5674C7-016B-46C5-BB11-2A8DF654A677}.Debug|Any CPU.ActiveCfg = Debug|Any CPU
		{CA5674C7-016B-46C5-BB11-2A8DF654A677}.Debug|Any CPU.Build.0 = Debug|Any CPU
		{CA5674C7-016B-46C5-BB11-2A8DF654A677}.Release|Any CPU.ActiveCfg = Release|Any CPU
		{CA5674C7-016B-46C5-BB11-2A8DF654A677}.Release|Any CPU.Build.0 = Release|Any CPU
		{A8988545-9239-4D3D-938F-32BD99E88D1C}.Debug|Any CPU.ActiveCfg = Debug|Any CPU
		{A8988545-9239-4D3D-938F-32BD99E88D1C}.Debug|Any CPU.Build.0 = Debug|Any CPU
		{A8988545-9239-4D3D-938F-32BD99E88D1C}.Release|Any CPU.ActiveCfg = Release|Any CPU
		{A8988545-9239-4D3D-938F-32BD99E88D1C}.Release|Any CPU.Build.0 = Release|Any CPU
		{3893175D-51C0-4CFC-96BB-B96F0CE6CA84}.Debug|Any CPU.ActiveCfg = Debug|Any CPU
		{3893175D-51C0-4CFC-96BB-B96F0CE6CA84}.Debug|Any CPU.Build.0 = Debug|Any CPU
		{3893175D-51C0-4CFC-96BB-B96F0CE6CA84}.Release|Any CPU.ActiveCfg = Release|Any CPU
		{3893175D-51C0-4CFC-96BB-B96F0CE6CA84}.Release|Any CPU.Build.0 = Release|Any CPU
	EndGlobalSection
	GlobalSection(SolutionProperties) = preSolution
		HideSolutionNode = FALSE
	EndGlobalSection
EndGlobal
